
Microsoft Visual Studio Solution File, Format Version 12.00
# Visual Studio 15
VisualStudioVersion = 15.0.27703.2018
MinimumVisualStudioVersion = 10.0.40219.1
Project("{FAE04EC0-301F-11D3-BF4B-00C04F79EFBC}") = "BlurViewFormsSample.Android", "BlurViewFormsSample\BlurViewFormsSample.Android\BlurViewFormsSample.Android.csproj", "{DFCA9516-E5D9-4A46-8467-012E0E934A8B}"
EndProject
Project("{FAE04EC0-301F-11D3-BF4B-00C04F79EFBC}") = "BlurViewFormsSample", "BlurViewFormsSample\BlurViewFormsSample\BlurViewFormsSample.csproj", "{52663B09-6AC5-4FB5-B43F-CD11C8569A8B}"
EndProject
Global
	GlobalSection(SolutionConfigurationPlatforms) = preSolution
		Debug|Any CPU = Debug|Any CPU
		Release|Any CPU = Release|Any CPU
	EndGlobalSection
	GlobalSection(ProjectConfigurationPlatforms) = postSolution
		{DFCA9516-E5D9-4A46-8467-012E0E934A8B}.Debug|Any CPU.ActiveCfg = Debug|Any CPU
		{DFCA9516-E5D9-4A46-8467-012E0E934A8B}.Debug|Any CPU.Build.0 = Debug|Any CPU
		{DFCA9516-E5D9-4A46-8467-012E0E934A8B}.Debug|Any CPU.Deploy.0 = Debug|Any CPU
		{DFCA9516-E5D9-4A46-8467-012E0E934A8B}.Release|Any CPU.ActiveCfg = Release|Any CPU
		{DFCA9516-E5D9-4A46-8467-012E0E934A8B}.Release|Any CPU.Build.0 = Release|Any CPU
		{DFCA9516-E5D9-4A46-8467-012E0E934A8B}.Release|Any CPU.Deploy.0 = Release|Any CPU
		{52663B09-6AC5-4FB5-B43F-CD11C8569A8B}.Debug|Any CPU.ActiveCfg = Debug|Any CPU
		{52663B09-6AC5-4FB5-B43F-CD11C8569A8B}.Debug|Any CPU.Build.0 = Debug|Any CPU
		{52663B09-6AC5-4FB5-B43F-CD11C8569A8B}.Debug|Any CPU.Deploy.0 = Debug|Any CPU
		{52663B09-6AC5-4FB5-B43F-CD11C8569A8B}.Release|Any CPU.ActiveCfg = Release|Any CPU
		{52663B09-6AC5-4FB5-B43F-CD11C8569A8B}.Release|Any CPU.Build.0 = Release|Any CPU
		{52663B09-6AC5-4FB5-B43F-CD11C8569A8B}.Release|Any CPU.Deploy.0 = Release|Any CPU
	EndGlobalSection
	GlobalSection(SolutionProperties) = preSolution
		HideSolutionNode = FALSE
	EndGlobalSection
	GlobalSection(ExtensibilityGlobals) = postSolution
		SolutionGuid = {5E1F3DAF-C44A-4BE9-8839-9D3E7274F724}
	EndGlobalSection
EndGlobal
