
Microsoft Visual Studio Solution File, Format Version 12.00
# Visual Studio 15
VisualStudioVersion = 15.0.27130.2010
MinimumVisualStudioVersion = 10.0.40219.1
Project("{FAE04EC0-301F-11D3-BF4B-00C04F79EFBC}") = "Xamarin.BlurView", "Xamarin.BlurView\Xamarin.BlurView.csproj", "{F5DDA6ED-AB87-4C6F-89A6-96AEEADEB8BB}"
EndProject
Project("{FAE04EC0-301F-11D3-BF4B-00C04F79EFBC}") = "SampleApp", "SampleApp\SampleApp.csproj", "{4D4FA695-ADDC-44E2-996A-1AD42326E6F2}"
EndProject
Project("{FAE04EC0-301F-11D3-BF4B-00C04F79EFBC}") = "Xamarin.BlurView.SupportRenderScriptBlur", "Xamarin.BlurView.SupportRenderScriptBlur\Xamarin.BlurView.SupportRenderScriptBlur.csproj", "{874CA305-2F23-4046-AA19-46955CCA7033}"
EndProject
Project("{2150E333-8FDC-42A3-9474-1A3956D46DE8}") = "Samples", "Samples", "{0BDE68D3-F06C-40A3-A09C-407CCA4924A3}"
EndProject
Global
	GlobalSection(SolutionConfigurationPlatforms) = preSolution
		Debug|Any CPU = Debug|Any CPU
		Release|Any CPU = Release|Any CPU
	EndGlobalSection
	GlobalSection(ProjectConfigurationPlatforms) = postSolution
		{F5DDA6ED-AB87-4C6F-89A6-96AEEADEB8BB}.Debug|Any CPU.ActiveCfg = Debug|Any CPU
		{F5DDA6ED-AB87-4C6F-89A6-96AEEADEB8BB}.Debug|Any CPU.Build.0 = Debug|Any CPU
		{F5DDA6ED-AB87-4C6F-89A6-96AEEADEB8BB}.Release|Any CPU.ActiveCfg = Release|Any CPU
		{F5DDA6ED-AB87-4C6F-89A6-96AEEADEB8BB}.Release|Any CPU.Build.0 = Release|Any CPU
		{4D4FA695-ADDC-44E2-996A-1AD42326E6F2}.Debug|Any CPU.ActiveCfg = Debug|Any CPU
		{4D4FA695-ADDC-44E2-996A-1AD42326E6F2}.Debug|Any CPU.Build.0 = Debug|Any CPU
		{4D4FA695-ADDC-44E2-996A-1AD42326E6F2}.Debug|Any CPU.Deploy.0 = Debug|Any CPU
		{4D4FA695-ADDC-44E2-996A-1AD42326E6F2}.Release|Any CPU.ActiveCfg = Release|Any CPU
		{4D4FA695-ADDC-44E2-996A-1AD42326E6F2}.Release|Any CPU.Build.0 = Release|Any CPU
		{4D4FA695-ADDC-44E2-996A-1AD42326E6F2}.Release|Any CPU.Deploy.0 = Release|Any CPU
		{874CA305-2F23-4046-AA19-46955CCA7033}.Debug|Any CPU.ActiveCfg = Debug|Any CPU
		{874CA305-2F23-4046-AA19-46955CCA7033}.Debug|Any CPU.Build.0 = Debug|Any CPU
		{874CA305-2F23-4046-AA19-46955CCA7033}.Release|Any CPU.ActiveCfg = Release|Any CPU
		{874CA305-2F23-4046-AA19-46955CCA7033}.Release|Any CPU.Build.0 = Release|Any CPU
	EndGlobalSection
	GlobalSection(SolutionProperties) = preSolution
		HideSolutionNode = FALSE
	EndGlobalSection
	GlobalSection(NestedProjects) = preSolution
		{4D4FA695-ADDC-44E2-996A-1AD42326E6F2} = {0BDE68D3-F06C-40A3-A09C-407CCA4924A3}
	EndGlobalSection
	GlobalSection(ExtensibilityGlobals) = postSolution
		SolutionGuid = {F51868F8-2FEF-46EC-8C9E-82DB77C81977}
	EndGlobalSection
EndGlobal
